
Microsoft Visual Studio Solution File, Format Version 12.00
# Visual Studio Version 17
VisualStudioVersion = 17.14.36221.1 d17.14
MinimumVisualStudioVersion = 10.0.40219.1
Project("{FAE04EC0-301F-11D3-BF4B-00C04F79EFBC}") = "Net.Kafka.ReactiveOrm", "Net.Kafka.ReactiveOrm.csproj", "{4B996D6C-2CE0-4263-9E94-32B7514741D2}"
EndProject
Global
	GlobalSection(SolutionConfigurationPlatforms) = preSolution
		Debug|Any CPU = Debug|Any CPU
		Release|Any CPU = Release|Any CPU
	EndGlobalSection
	GlobalSection(ProjectConfigurationPlatforms) = postSolution
		{4B996D6C-2CE0-4263-9E94-32B7514741D2}.Debug|Any CPU.ActiveCfg = Debug|Any CPU
		{4B996D6C-2CE0-4263-9E94-32B7514741D2}.Debug|Any CPU.Build.0 = Debug|Any CPU
		{4B996D6C-2CE0-4263-9E94-32B7514741D2}.Release|Any CPU.ActiveCfg = Release|Any CPU
		{4B996D6C-2CE0-4263-9E94-32B7514741D2}.Release|Any CPU.Build.0 = Release|Any CPU
	EndGlobalSection
	GlobalSection(SolutionProperties) = preSolution
		HideSolutionNode = FALSE
	EndGlobalSection
	GlobalSection(ExtensibilityGlobals) = postSolution
		SolutionGuid = {138F9470-ECFC-42A7-8427-4BF150BAD12A}
	EndGlobalSection
EndGlobal
